
Microsoft Visual Studio Solution File, Format Version 12.00
# Visual Studio 15
VisualStudioVersion = 15.0.27428.2043
MinimumVisualStudioVersion = 10.0.40219.1
Project("{FAE04EC0-301F-11D3-BF4B-00C04F79EFBC}") = "BackupDatabase", "BackupDatabase\BackupDatabase.csproj", "{EBAC56A1-F0C3-48BB-865F-189586CDB157}"
EndProject
Global
	GlobalSection(SolutionConfigurationPlatforms) = preSolution
		Debug|Any CPU = Debug|Any CPU
		Release|Any CPU = Release|Any CPU
	EndGlobalSection
	GlobalSection(ProjectConfigurationPlatforms) = postSolution
		{EBAC56A1-F0C3-48BB-865F-189586CDB157}.Debug|Any CPU.ActiveCfg = Debug|Any CPU
		{EBAC56A1-F0C3-48BB-865F-189586CDB157}.Debug|Any CPU.Build.0 = Debug|Any CPU
		{EBAC56A1-F0C3-48BB-865F-189586CDB157}.Release|Any CPU.ActiveCfg = Release|Any CPU
		{EBAC56A1-F0C3-48BB-865F-189586CDB157}.Release|Any CPU.Build.0 = Release|Any CPU
	EndGlobalSection
	GlobalSection(SolutionProperties) = preSolution
		HideSolutionNode = FALSE
	EndGlobalSection
	GlobalSection(ExtensibilityGlobals) = postSolution
		SolutionGuid = {E445DED3-E9D2-4A19-974D-2EC6CF8C8F6B}
	EndGlobalSection
EndGlobal
